
Microsoft Visual Studio Solution File, Format Version 12.00
# Visual Studio Version 16
VisualStudioVersion = 16.0.31613.86
MinimumVisualStudioVersion = 10.0.40219.1
Project("{FAE04EC0-301F-11D3-BF4B-00C04F79EFBC}") = "jingziqi", "jingziqi\jingziqi.csproj", "{901F4E2B-77C6-4F1C-A971-E99E7D45456C}"
EndProject
Global
	GlobalSection(SolutionConfigurationPlatforms) = preSolution
		Debug|Any CPU = Debug|Any CPU
		Release|Any CPU = Release|Any CPU
	EndGlobalSection
	GlobalSection(ProjectConfigurationPlatforms) = postSolution
		{901F4E2B-77C6-4F1C-A971-E99E7D45456C}.Debug|Any CPU.ActiveCfg = Debug|Any CPU
		{901F4E2B-77C6-4F1C-A971-E99E7D45456C}.Debug|Any CPU.Build.0 = Debug|Any CPU
		{901F4E2B-77C6-4F1C-A971-E99E7D45456C}.Release|Any CPU.ActiveCfg = Release|Any CPU
		{901F4E2B-77C6-4F1C-A971-E99E7D45456C}.Release|Any CPU.Build.0 = Release|Any CPU
	EndGlobalSection
	GlobalSection(SolutionProperties) = preSolution
		HideSolutionNode = FALSE
	EndGlobalSection
	GlobalSection(ExtensibilityGlobals) = postSolution
		SolutionGuid = {899F8D80-07AF-42B8-9484-618E92775762}
	EndGlobalSection
EndGlobal
